
Microsoft Visual Studio Solution File, Format Version 12.00
# Visual Studio 15
VisualStudioVersion = 15.0.27825.0
MinimumVisualStudioVersion = 10.0.40219.1
Project("{FAE04EC0-301F-11D3-BF4B-00C04F79EFBC}") = "SCB", "SCB\SCB.csproj", "{6508F53D-C70C-4E23-9D7F-DE2E8624DD30}"
EndProject
Project("{FAE04EC0-301F-11D3-BF4B-00C04F79EFBC}") = "SCB.Tests", "SCB.Tests\SCB.Tests.csproj", "{4C6D3BA6-AB7D-4433-8ECE-548BD40D1B20}"
EndProject
Global
	GlobalSection(SolutionConfigurationPlatforms) = preSolution
		Debug|Any CPU = Debug|Any CPU
		Release|Any CPU = Release|Any CPU
	EndGlobalSection
	GlobalSection(ProjectConfigurationPlatforms) = postSolution
		{6508F53D-C70C-4E23-9D7F-DE2E8624DD30}.Debug|Any CPU.ActiveCfg = Debug|Any CPU
		{6508F53D-C70C-4E23-9D7F-DE2E8624DD30}.Debug|Any CPU.Build.0 = Debug|Any CPU
		{6508F53D-C70C-4E23-9D7F-DE2E8624DD30}.Release|Any CPU.ActiveCfg = Release|Any CPU
		{6508F53D-C70C-4E23-9D7F-DE2E8624DD30}.Release|Any CPU.Build.0 = Release|Any CPU
		{4C6D3BA6-AB7D-4433-8ECE-548BD40D1B20}.Debug|Any CPU.ActiveCfg = Debug|Any CPU
		{4C6D3BA6-AB7D-4433-8ECE-548BD40D1B20}.Debug|Any CPU.Build.0 = Debug|Any CPU
		{4C6D3BA6-AB7D-4433-8ECE-548BD40D1B20}.Release|Any CPU.ActiveCfg = Release|Any CPU
		{4C6D3BA6-AB7D-4433-8ECE-548BD40D1B20}.Release|Any CPU.Build.0 = Release|Any CPU
	EndGlobalSection
	GlobalSection(SolutionProperties) = preSolution
		HideSolutionNode = FALSE
	EndGlobalSection
	GlobalSection(ExtensibilityGlobals) = postSolution
		SolutionGuid = {03984887-4867-4705-976A-E4CBD1020D6C}
	EndGlobalSection
EndGlobal
